
Microsoft Visual Studio Solution File, Format Version 12.00
# Visual Studio 15
VisualStudioVersion = 15.0.34112.143
MinimumVisualStudioVersion = 10.0.40219.1
Project("{8BC9CEB8-8B4A-11D0-8D11-00A0C91BC942}") = "Ring3NamedPipeMonitor", "Ring3NamedPipeMonitor\Ring3NamedPipeMonitor.vcxproj", "{C2F24BBD-4807-49F5-B5E2-77FF0E8B756B}"
EndProject
Project("{8BC9CEB8-8B4A-11D0-8D11-00A0C91BC942}") = "Ring0NamedPipeFilter", "Ring0NamedPipeFilter\Ring0NamedPipeFilter.vcxproj", "{5C87B2E6-8D24-4F1D-AB85-FC659F452AD0}"
EndProject
Project("{8BC9CEB8-8B4A-11D0-8D11-00A0C91BC942}") = "Ring3NamedPipeConsumer", "Ring3NamedPipeConsumer\Ring3NamedPipeConsumer.vcxproj", "{E7BFFEE1-07C1-452C-8AF8-6AD30B1844FF}"
EndProject
Global
	GlobalSection(SolutionConfigurationPlatforms) = preSolution
		Debug|ARM = Debug|ARM
		Debug|ARM64 = Debug|ARM64
		Debug|x64 = Debug|x64
		Debug|x86 = Debug|x86
		Release|ARM = Release|ARM
		Release|ARM64 = Release|ARM64
		Release|x64 = Release|x64
		Release|x86 = Release|x86
	EndGlobalSection
	GlobalSection(ProjectConfigurationPlatforms) = postSolution
		{C2F24BBD-4807-49F5-B5E2-77FF0E8B756B}.Debug|ARM.ActiveCfg = Debug|Win32
		{C2F24BBD-4807-49F5-B5E2-77FF0E8B756B}.Debug|ARM64.ActiveCfg = Debug|Win32
		{C2F24BBD-4807-49F5-B5E2-77FF0E8B756B}.Debug|x64.ActiveCfg = Debug|x64
		{C2F24BBD-4807-49F5-B5E2-77FF0E8B756B}.Debug|x64.Build.0 = Debug|x64
		{C2F24BBD-4807-49F5-B5E2-77FF0E8B756B}.Debug|x86.ActiveCfg = Debug|Win32
		{C2F24BBD-4807-49F5-B5E2-77FF0E8B756B}.Debug|x86.Build.0 = Debug|Win32
		{C2F24BBD-4807-49F5-B5E2-77FF0E8B756B}.Release|ARM.ActiveCfg = Release|Win32
		{C2F24BBD-4807-49F5-B5E2-77FF0E8B756B}.Release|ARM64.ActiveCfg = Release|Win32
		{C2F24BBD-4807-49F5-B5E2-77FF0E8B756B}.Release|x64.ActiveCfg = Release|x64
		{C2F24BBD-4807-49F5-B5E2-77FF0E8B756B}.Release|x64.Build.0 = Release|x64
		{C2F24BBD-4807-49F5-B5E2-77FF0E8B756B}.Release|x86.ActiveCfg = Release|Win32
		{C2F24BBD-4807-49F5-B5E2-77FF0E8B756B}.Release|x86.Build.0 = Release|Win32
		{5C87B2E6-8D24-4F1D-AB85-FC659F452AD0}.Debug|ARM.ActiveCfg = Debug|ARM
		{5C87B2E6-8D24-4F1D-AB85-FC659F452AD0}.Debug|ARM.Build.0 = Debug|ARM
		{5C87B2E6-8D24-4F1D-AB85-FC659F452AD0}.Debug|ARM.Deploy.0 = Debug|ARM
		{5C87B2E6-8D24-4F1D-AB85-FC659F452AD0}.Debug|ARM64.ActiveCfg = Debug|ARM64
		{5C87B2E6-8D24-4F1D-AB85-FC659F452AD0}.Debug|ARM64.Build.0 = Debug|ARM64
		{5C87B2E6-8D24-4F1D-AB85-FC659F452AD0}.Debug|ARM64.Deploy.0 = Debug|ARM64
		{5C87B2E6-8D24-4F1D-AB85-FC659F452AD0}.Debug|x64.ActiveCfg = Debug|x64
		{5C87B2E6-8D24-4F1D-AB85-FC659F452AD0}.Debug|x64.Build.0 = Debug|x64
		{5C87B2E6-8D24-4F1D-AB85-FC659F452AD0}.Debug|x64.Deploy.0 = Debug|x64
		{5C87B2E6-8D24-4F1D-AB85-FC659F452AD0}.Debug|x86.ActiveCfg = Debug|Win32
		{5C87B2E6-8D24-4F1D-AB85-FC659F452AD0}.Debug|x86.Build.0 = Debug|Win32
		{5C87B2E6-8D24-4F1D-AB85-FC659F452AD0}.Debug|x86.Deploy.0 = Debug|Win32
		{5C87B2E6-8D24-4F1D-AB85-FC659F452AD0}.Release|ARM.ActiveCfg = Release|ARM
		{5C87B2E6-8D24-4F1D-AB85-FC659F452AD0}.Release|ARM.Build.0 = Release|ARM
		{5C87B2E6-8D24-4F1D-AB85-FC659F452AD0}.Release|ARM.Deploy.0 = Release|ARM
		{5C87B2E6-8D24-4F1D-AB85-FC659F452AD0}.Release|ARM64.ActiveCfg = Release|ARM64
		{5C87B2E6-8D24-4F1D-AB85-FC659F452AD0}.Release|ARM64.Build.0 = Release|ARM64
		{5C87B2E6-8D24-4F1D-AB85-FC659F452AD0}.Release|ARM64.Deploy.0 = Release|ARM64
		{5C87B2E6-8D24-4F1D-AB85-FC659F452AD0}.Release|x64.ActiveCfg = Release|x64
		{5C87B2E6-8D24-4F1D-AB85-FC659F452AD0}.Release|x64.Build.0 = Release|x64
		{5C87B2E6-8D24-4F1D-AB85-FC659F452AD0}.Release|x64.Deploy.0 = Release|x64
		{5C87B2E6-8D24-4F1D-AB85-FC659F452AD0}.Release|x86.ActiveCfg = Release|Win32
		{5C87B2E6-8D24-4F1D-AB85-FC659F452AD0}.Release|x86.Build.0 = Release|Win32
		{5C87B2E6-8D24-4F1D-AB85-FC659F452AD0}.Release|x86.Deploy.0 = Release|Win32
		{E7BFFEE1-07C1-452C-8AF8-6AD30B1844FF}.Debug|ARM.ActiveCfg = Debug|Win32
		{E7BFFEE1-07C1-452C-8AF8-6AD30B1844FF}.Debug|ARM64.ActiveCfg = Debug|Win32
		{E7BFFEE1-07C1-452C-8AF8-6AD30B1844FF}.Debug|x64.ActiveCfg = Debug|x64
		{E7BFFEE1-07C1-452C-8AF8-6AD30B1844FF}.Debug|x64.Build.0 = Debug|x64
		{E7BFFEE1-07C1-452C-8AF8-6AD30B1844FF}.Debug|x86.ActiveCfg = Debug|Win32
		{E7BFFEE1-07C1-452C-8AF8-6AD30B1844FF}.Debug|x86.Build.0 = Debug|Win32
		{E7BFFEE1-07C1-452C-8AF8-6AD30B1844FF}.Release|ARM.ActiveCfg = Release|Win32
		{E7BFFEE1-07C1-452C-8AF8-6AD30B1844FF}.Release|ARM64.ActiveCfg = Release|Win32
		{E7BFFEE1-07C1-452C-8AF8-6AD30B1844FF}.Release|x64.ActiveCfg = Release|x64
		{E7BFFEE1-07C1-452C-8AF8-6AD30B1844FF}.Release|x64.Build.0 = Release|x64
		{E7BFFEE1-07C1-452C-8AF8-6AD30B1844FF}.Release|x86.ActiveCfg = Release|Win32
		{E7BFFEE1-07C1-452C-8AF8-6AD30B1844FF}.Release|x86.Build.0 = Release|Win32
	EndGlobalSection
	GlobalSection(SolutionProperties) = preSolution
		HideSolutionNode = FALSE
	EndGlobalSection
	GlobalSection(ExtensibilityGlobals) = postSolution
		SolutionGuid = {0DF0869C-E957-4BC0-87CF-76BF99CEEE4F}
	EndGlobalSection
EndGlobal
